
Microsoft Visual Studio Solution File, Format Version 12.00
# Visual Studio Version 17
VisualStudioVersion = 17.2.32616.157
MinimumVisualStudioVersion = 10.0.40219.1
Project("{FAE04EC0-301F-11D3-BF4B-00C04F79EFBC}") = "BSynchro_Task", "BSynchro_Task\BSynchro_Task.csproj", "{0A5A29D5-F31D-4830-8833-74487121B502}"
EndProject
Project("{FAE04EC0-301F-11D3-BF4B-00C04F79EFBC}") = "Accounts_API", "Accounts_API\Accounts_API.csproj", "{03B4B3FB-BF1F-46DE-91A2-380B8073E69F}"
EndProject
Project("{FAE04EC0-301F-11D3-BF4B-00C04F79EFBC}") = "Transactions_API", "Transactions_API\Transactions_API.csproj", "{BDF0C044-1905-4FCD-961C-87513ACD8B76}"
EndProject
Global
	GlobalSection(SolutionConfigurationPlatforms) = preSolution
		Debug|Any CPU = Debug|Any CPU
		Release|Any CPU = Release|Any CPU
	EndGlobalSection
	GlobalSection(ProjectConfigurationPlatforms) = postSolution
		{0A5A29D5-F31D-4830-8833-74487121B502}.Debug|Any CPU.ActiveCfg = Debug|Any CPU
		{0A5A29D5-F31D-4830-8833-74487121B502}.Debug|Any CPU.Build.0 = Debug|Any CPU
		{0A5A29D5-F31D-4830-8833-74487121B502}.Release|Any CPU.ActiveCfg = Release|Any CPU
		{0A5A29D5-F31D-4830-8833-74487121B502}.Release|Any CPU.Build.0 = Release|Any CPU
		{03B4B3FB-BF1F-46DE-91A2-380B8073E69F}.Debug|Any CPU.ActiveCfg = Debug|Any CPU
		{03B4B3FB-BF1F-46DE-91A2-380B8073E69F}.Debug|Any CPU.Build.0 = Debug|Any CPU
		{03B4B3FB-BF1F-46DE-91A2-380B8073E69F}.Release|Any CPU.ActiveCfg = Release|Any CPU
		{03B4B3FB-BF1F-46DE-91A2-380B8073E69F}.Release|Any CPU.Build.0 = Release|Any CPU
		{BDF0C044-1905-4FCD-961C-87513ACD8B76}.Debug|Any CPU.ActiveCfg = Debug|Any CPU
		{BDF0C044-1905-4FCD-961C-87513ACD8B76}.Debug|Any CPU.Build.0 = Debug|Any CPU
		{BDF0C044-1905-4FCD-961C-87513ACD8B76}.Release|Any CPU.ActiveCfg = Release|Any CPU
		{BDF0C044-1905-4FCD-961C-87513ACD8B76}.Release|Any CPU.Build.0 = Release|Any CPU
	EndGlobalSection
	GlobalSection(SolutionProperties) = preSolution
		HideSolutionNode = FALSE
	EndGlobalSection
	GlobalSection(ExtensibilityGlobals) = postSolution
		SolutionGuid = {95026611-DC28-433E-9D96-47F3162F419A}
	EndGlobalSection
EndGlobal
